
Microsoft Visual Studio Solution File, Format Version 12.00
# Visual Studio Version 16
VisualStudioVersion = 16.0.29102.190
MinimumVisualStudioVersion = 10.0.40219.1
Project("{9A19103F-16F7-4668-BE54-9A1E7A4F7556}") = "Automation.TestRail", "Automation.TestRail\Automation.TestRail.csproj", "{FB62A77E-20F5-45DD-B95A-5A5DE596A6C3}"
EndProject
Project("{9A19103F-16F7-4668-BE54-9A1E7A4F7556}") = "Automation.TestRail.Tests", "Automation.TestRail.Tests\Automation.TestRail.Tests.csproj", "{53E33EE2-1842-4F9E-AB1A-4D64FBE4683F}"
EndProject
Global
	GlobalSection(SolutionConfigurationPlatforms) = preSolution
		Debug|Any CPU = Debug|Any CPU
		Release|Any CPU = Release|Any CPU
	EndGlobalSection
	GlobalSection(ProjectConfigurationPlatforms) = postSolution
		{FB62A77E-20F5-45DD-B95A-5A5DE596A6C3}.Debug|Any CPU.ActiveCfg = Debug|Any CPU
		{FB62A77E-20F5-45DD-B95A-5A5DE596A6C3}.Debug|Any CPU.Build.0 = Debug|Any CPU
		{FB62A77E-20F5-45DD-B95A-5A5DE596A6C3}.Release|Any CPU.ActiveCfg = Release|Any CPU
		{FB62A77E-20F5-45DD-B95A-5A5DE596A6C3}.Release|Any CPU.Build.0 = Release|Any CPU
		{53E33EE2-1842-4F9E-AB1A-4D64FBE4683F}.Debug|Any CPU.ActiveCfg = Debug|Any CPU
		{53E33EE2-1842-4F9E-AB1A-4D64FBE4683F}.Debug|Any CPU.Build.0 = Debug|Any CPU
		{53E33EE2-1842-4F9E-AB1A-4D64FBE4683F}.Release|Any CPU.ActiveCfg = Release|Any CPU
		{53E33EE2-1842-4F9E-AB1A-4D64FBE4683F}.Release|Any CPU.Build.0 = Release|Any CPU
	EndGlobalSection
	GlobalSection(SolutionProperties) = preSolution
		HideSolutionNode = FALSE
	EndGlobalSection
	GlobalSection(ExtensibilityGlobals) = postSolution
		SolutionGuid = {36E7801B-4DC3-435C-9896-CCF9F933BBC5}
	EndGlobalSection
EndGlobal
